
Microsoft Visual Studio Solution File, Format Version 12.00
# Visual Studio Version 17
VisualStudioVersion = 17.13.35931.197
MinimumVisualStudioVersion = 10.0.40219.1
Project("{F184B08F-C81C-45F6-A57F-5ABD9991F28F}") = "R2Core", "R2Core\R2Core.vbproj", "{B0651D1E-73A2-4E74-8483-6FBC60831969}"
EndProject
Project("{F184B08F-C81C-45F6-A57F-5ABD9991F28F}") = "R2CoreGUI", "R2CoreGUI\R2CoreGUI.vbproj", "{D9AEF791-83E7-4238-BB9C-DE0C57E0ED37}"
EndProject
Project("{F184B08F-C81C-45F6-A57F-5ABD9991F28F}") = "R2CoreLPR", "R2CoreLPR\R2CoreLPR.vbproj", "{D3413023-D590-432C-8A6A-6BF2038624CF}"
EndProject
Project("{F184B08F-C81C-45F6-A57F-5ABD9991F28F}") = "R2CoreParkingSystem", "R2CoreParkingSystem\R2CoreParkingSystem.vbproj", "{68EE9753-9B39-4D0B-BFE5-0F941A5F183C}"
EndProject
Project("{F184B08F-C81C-45F6-A57F-5ABD9991F28F}") = "R2CoreTransportationAndLoadNotification", "R2CoreTransportationAndLoadNotification\R2CoreTransportationAndLoadNotification.vbproj", "{EF77B294-2E31-4914-AF7B-289A6A1BF8DC}"
EndProject
Project("{F184B08F-C81C-45F6-A57F-5ABD9991F28F}") = "PayanehClassLibrary", "PayanehClassLibrary\PayanehClassLibrary.vbproj", "{8BCFE2EF-2C83-4137-BAAF-87E380D41971}"
EndProject
Project("{F184B08F-C81C-45F6-A57F-5ABD9991F28F}") = "PayanehWebService", "PayanehWebService\PayanehWebService.vbproj", "{D8550DFA-71AE-4EDF-A612-ABEE34889750}"
EndProject
Project("{FAE04EC0-301F-11D3-BF4B-00C04F79EFBC}") = "APICommon", "APICommon\APICommon.csproj", "{49657141-D750-4E9E-AA00-7BA8DCF767DC}"
EndProject
Project("{FAE04EC0-301F-11D3-BF4B-00C04F79EFBC}") = "APISoftwareUser", "APISoftwareUser\APISoftwareUser.csproj", "{E5B8F43B-931D-42FC-8391-5FE7B59E3225}"
EndProject
Project("{FAE04EC0-301F-11D3-BF4B-00C04F79EFBC}") = "UnitTestR2Core", "UnitTestR2Core\UnitTestR2Core.csproj", "{74A4FA7C-B46F-430A-98E1-1ADC75C0C918}"
EndProject
Project("{FAE04EC0-301F-11D3-BF4B-00C04F79EFBC}") = "APITransportation", "APITransportation\APITransportation.csproj", "{60546686-D246-4B66-BAEB-1DFDE8E15604}"
EndProject
Project("{FAE04EC0-301F-11D3-BF4B-00C04F79EFBC}") = "APIMoneyWalletAndTraffic", "APIMoneyWalletAndTraffic\APIMoneyWalletAndTraffic.csproj", "{19D230DA-8E53-41F5-A6EA-A9E2D7FBA3DB}"
EndProject
Project("{F184B08F-C81C-45F6-A57F-5ABD9991F28F}") = "R2PrimaryWebService", "R2PrimaryWebService\R2PrimaryWebService.vbproj", "{7D607FCC-C53B-48CF-AA97-C6A824F40305}"
EndProject
Project("{FAE04EC0-301F-11D3-BF4B-00C04F79EFBC}") = "TruckDriversAutomatedJobs", "TruckDriversAutomatedJobs\TruckDriversAutomatedJobs.csproj", "{02D8AAEF-DF2E-43C0-BD01-BC9CF34DAFC8}"
EndProject
Project("{54435603-DBB4-11D2-8724-00A0C9A8B90C}") = "TruckDriversAutomatedJobsSetup", "TruckDriversAutomatedJobsSetup\TruckDriversAutomatedJobsSetup.vdproj", "{2294512B-1A5E-75CB-4DB0-16E48EFC1815}"
EndProject
Project("{FAE04EC0-301F-11D3-BF4B-00C04F79EFBC}") = "APITransportation.LoadAllocation", "APITransportation.LoadAllocation\APITransportation.LoadAllocation.csproj", "{7D941CB1-4372-4622-B698-BB91175EE609}"
EndProject
Project("{FAE04EC0-301F-11D3-BF4B-00C04F79EFBC}") = "APIReports", "APIReports\APIReports.csproj", "{6E13E4DC-B3DB-4D98-A03E-423717DFA08C}"
EndProject
Project("{FAE04EC0-301F-11D3-BF4B-00C04F79EFBC}") = "APITransportation.LoadCapacitor", "APITransportation.LoadCapacitor\APITransportation.LoadCapacitor.csproj", "{2D27A6E8-5A98-44AA-9CD4-D5C8919F0BFF}"
EndProject
Project("{F184B08F-C81C-45F6-A57F-5ABD9991F28F}") = "R2PrimaryFileSharingWebService", "R2PrimaryFileSharingWebService\R2PrimaryFileSharingWebService.vbproj", "{ABB67D05-310B-4C0A-8638-D55362CF5C21}"
EndProject
Project("{FAE04EC0-301F-11D3-BF4B-00C04F79EFBC}") = "APIKernelTasks", "APIKernelTasks\APIKernelTasks.csproj", "{7D4773D0-6762-417D-9355-6B4471713346}"
EndProject
Project("{FAE04EC0-301F-11D3-BF4B-00C04F79EFBC}") = "APICommonCentralSystem", "APICommonCentralSystem\APICommonCentralSystem.csproj", "{F5CCAC3D-5AD6-4AF1-BE10-2CD64DF64F56}"
EndProject
Project("{FAE04EC0-301F-11D3-BF4B-00C04F79EFBC}") = "CarrouselsPreparingAutomatedJob", "CarrouselsPreparingAutomatedJob\CarrouselsPreparingAutomatedJob.csproj", "{5EE8F402-2872-4D9D-8DCF-BBF2AD53F143}"
EndProject
Project("{54435603-DBB4-11D2-8724-00A0C9A8B90C}") = "CarrouselsPreparingAutomatedJobSetup", "CarrouselsPreparingAutomatedJobSetup\CarrouselsPreparingAutomatedJobSetup.vdproj", "{434E9F56-7CD5-18C5-452E-64ACA5248C64}"
EndProject
Project("{FAE04EC0-301F-11D3-BF4B-00C04F79EFBC}") = "APICarousels", "APICarousels\APICarousels.csproj", "{074DE159-9DCB-45C2-A86E-4D9B3DB3378D}"
EndProject
Project("{FAE04EC0-301F-11D3-BF4B-00C04F79EFBC}") = "LoggingAutomatedJobs", "LoggingAutomatedJobs\LoggingAutomatedJobs.csproj", "{CD4B8385-D592-4C7C-81F0-520C5B6DE184}"
EndProject
Project("{54435603-DBB4-11D2-8724-00A0C9A8B90C}") = "LoggingAutomatedJobsSetup", "LoggingAutomatedJobsSetup\LoggingAutomatedJobsSetup.vdproj", "{202752EB-3EF8-D04A-2D1A-44CBEED10607}"
EndProject
Project("{FAE04EC0-301F-11D3-BF4B-00C04F79EFBC}") = "LoadListsPreparingAutomatedJob", "LoadListsPreparingAutomatedJob\LoadListsPreparingAutomatedJob.csproj", "{AF4AD499-6A1A-4B60-A678-79055580C20A}"
EndProject
Project("{54435603-DBB4-11D2-8724-00A0C9A8B90C}") = "LoadListsPreparingAutomatedJobSetup", "LoadListsPreparingAutomatedJobSetup\LoadListsPreparingAutomatedJobSetup.vdproj", "{1C07A490-8CB4-E925-9E55-E26F5E94825D}"
EndProject
Project("{FAE04EC0-301F-11D3-BF4B-00C04F79EFBC}") = "TempTurnsCancellationAutomatedJob", "TempTurnsCancellationAutomatedJob\TempTurnsCancellationAutomatedJob.csproj", "{D2DA1513-5944-4344-932B-C846036504F9}"
EndProject
Project("{54435603-DBB4-11D2-8724-00A0C9A8B90C}") = "TempTurnsCancellationAutomatedJobSetup", "TempTurnsCancellationAutomatedJobSetup\TempTurnsCancellationAutomatedJobSetup.vdproj", "{BC0F4DF4-DE8E-2AA1-1CA6-79CDFD074C6D}"
EndProject
Global
	GlobalSection(SolutionConfigurationPlatforms) = preSolution
		Debug|Any CPU = Debug|Any CPU
		Release|Any CPU = Release|Any CPU
	EndGlobalSection
	GlobalSection(ProjectConfigurationPlatforms) = postSolution
		{B0651D1E-73A2-4E74-8483-6FBC60831969}.Debug|Any CPU.ActiveCfg = Debug|Any CPU
		{B0651D1E-73A2-4E74-8483-6FBC60831969}.Debug|Any CPU.Build.0 = Debug|Any CPU
		{B0651D1E-73A2-4E74-8483-6FBC60831969}.Release|Any CPU.ActiveCfg = Release|Any CPU
		{B0651D1E-73A2-4E74-8483-6FBC60831969}.Release|Any CPU.Build.0 = Release|Any CPU
		{D9AEF791-83E7-4238-BB9C-DE0C57E0ED37}.Debug|Any CPU.ActiveCfg = Debug|Any CPU
		{D9AEF791-83E7-4238-BB9C-DE0C57E0ED37}.Debug|Any CPU.Build.0 = Debug|Any CPU
		{D9AEF791-83E7-4238-BB9C-DE0C57E0ED37}.Release|Any CPU.ActiveCfg = Release|Any CPU
		{D9AEF791-83E7-4238-BB9C-DE0C57E0ED37}.Release|Any CPU.Build.0 = Release|Any CPU
		{D3413023-D590-432C-8A6A-6BF2038624CF}.Debug|Any CPU.ActiveCfg = Debug|Any CPU
		{D3413023-D590-432C-8A6A-6BF2038624CF}.Debug|Any CPU.Build.0 = Debug|Any CPU
		{D3413023-D590-432C-8A6A-6BF2038624CF}.Release|Any CPU.ActiveCfg = Release|Any CPU
		{D3413023-D590-432C-8A6A-6BF2038624CF}.Release|Any CPU.Build.0 = Release|Any CPU
		{68EE9753-9B39-4D0B-BFE5-0F941A5F183C}.Debug|Any CPU.ActiveCfg = Debug|Any CPU
		{68EE9753-9B39-4D0B-BFE5-0F941A5F183C}.Debug|Any CPU.Build.0 = Debug|Any CPU
		{68EE9753-9B39-4D0B-BFE5-0F941A5F183C}.Release|Any CPU.ActiveCfg = Release|Any CPU
		{68EE9753-9B39-4D0B-BFE5-0F941A5F183C}.Release|Any CPU.Build.0 = Release|Any CPU
		{EF77B294-2E31-4914-AF7B-289A6A1BF8DC}.Debug|Any CPU.ActiveCfg = Debug|Any CPU
		{EF77B294-2E31-4914-AF7B-289A6A1BF8DC}.Debug|Any CPU.Build.0 = Debug|Any CPU
		{EF77B294-2E31-4914-AF7B-289A6A1BF8DC}.Release|Any CPU.ActiveCfg = Release|Any CPU
		{EF77B294-2E31-4914-AF7B-289A6A1BF8DC}.Release|Any CPU.Build.0 = Release|Any CPU
		{8BCFE2EF-2C83-4137-BAAF-87E380D41971}.Debug|Any CPU.ActiveCfg = Debug|Any CPU
		{8BCFE2EF-2C83-4137-BAAF-87E380D41971}.Debug|Any CPU.Build.0 = Debug|Any CPU
		{8BCFE2EF-2C83-4137-BAAF-87E380D41971}.Release|Any CPU.ActiveCfg = Release|Any CPU
		{8BCFE2EF-2C83-4137-BAAF-87E380D41971}.Release|Any CPU.Build.0 = Release|Any CPU
		{D8550DFA-71AE-4EDF-A612-ABEE34889750}.Debug|Any CPU.ActiveCfg = Debug|Any CPU
		{D8550DFA-71AE-4EDF-A612-ABEE34889750}.Debug|Any CPU.Build.0 = Debug|Any CPU
		{D8550DFA-71AE-4EDF-A612-ABEE34889750}.Release|Any CPU.ActiveCfg = Release|Any CPU
		{D8550DFA-71AE-4EDF-A612-ABEE34889750}.Release|Any CPU.Build.0 = Release|Any CPU
		{49657141-D750-4E9E-AA00-7BA8DCF767DC}.Debug|Any CPU.ActiveCfg = Debug|Any CPU
		{49657141-D750-4E9E-AA00-7BA8DCF767DC}.Debug|Any CPU.Build.0 = Debug|Any CPU
		{49657141-D750-4E9E-AA00-7BA8DCF767DC}.Release|Any CPU.ActiveCfg = Release|Any CPU
		{49657141-D750-4E9E-AA00-7BA8DCF767DC}.Release|Any CPU.Build.0 = Release|Any CPU
		{E5B8F43B-931D-42FC-8391-5FE7B59E3225}.Debug|Any CPU.ActiveCfg = Debug|Any CPU
		{E5B8F43B-931D-42FC-8391-5FE7B59E3225}.Debug|Any CPU.Build.0 = Debug|Any CPU
		{E5B8F43B-931D-42FC-8391-5FE7B59E3225}.Release|Any CPU.ActiveCfg = Release|Any CPU
		{E5B8F43B-931D-42FC-8391-5FE7B59E3225}.Release|Any CPU.Build.0 = Release|Any CPU
		{74A4FA7C-B46F-430A-98E1-1ADC75C0C918}.Debug|Any CPU.ActiveCfg = Debug|Any CPU
		{74A4FA7C-B46F-430A-98E1-1ADC75C0C918}.Debug|Any CPU.Build.0 = Debug|Any CPU
		{74A4FA7C-B46F-430A-98E1-1ADC75C0C918}.Release|Any CPU.ActiveCfg = Release|Any CPU
		{74A4FA7C-B46F-430A-98E1-1ADC75C0C918}.Release|Any CPU.Build.0 = Release|Any CPU
		{60546686-D246-4B66-BAEB-1DFDE8E15604}.Debug|Any CPU.ActiveCfg = Debug|Any CPU
		{60546686-D246-4B66-BAEB-1DFDE8E15604}.Debug|Any CPU.Build.0 = Debug|Any CPU
		{60546686-D246-4B66-BAEB-1DFDE8E15604}.Release|Any CPU.ActiveCfg = Release|Any CPU
		{60546686-D246-4B66-BAEB-1DFDE8E15604}.Release|Any CPU.Build.0 = Release|Any CPU
		{19D230DA-8E53-41F5-A6EA-A9E2D7FBA3DB}.Debug|Any CPU.ActiveCfg = Debug|Any CPU
		{19D230DA-8E53-41F5-A6EA-A9E2D7FBA3DB}.Debug|Any CPU.Build.0 = Debug|Any CPU
		{19D230DA-8E53-41F5-A6EA-A9E2D7FBA3DB}.Release|Any CPU.ActiveCfg = Release|Any CPU
		{19D230DA-8E53-41F5-A6EA-A9E2D7FBA3DB}.Release|Any CPU.Build.0 = Release|Any CPU
		{7D607FCC-C53B-48CF-AA97-C6A824F40305}.Debug|Any CPU.ActiveCfg = Debug|Any CPU
		{7D607FCC-C53B-48CF-AA97-C6A824F40305}.Debug|Any CPU.Build.0 = Debug|Any CPU
		{7D607FCC-C53B-48CF-AA97-C6A824F40305}.Release|Any CPU.ActiveCfg = Release|Any CPU
		{7D607FCC-C53B-48CF-AA97-C6A824F40305}.Release|Any CPU.Build.0 = Release|Any CPU
		{02D8AAEF-DF2E-43C0-BD01-BC9CF34DAFC8}.Debug|Any CPU.ActiveCfg = Debug|Any CPU
		{02D8AAEF-DF2E-43C0-BD01-BC9CF34DAFC8}.Debug|Any CPU.Build.0 = Debug|Any CPU
		{02D8AAEF-DF2E-43C0-BD01-BC9CF34DAFC8}.Release|Any CPU.ActiveCfg = Release|Any CPU
		{02D8AAEF-DF2E-43C0-BD01-BC9CF34DAFC8}.Release|Any CPU.Build.0 = Release|Any CPU
		{2294512B-1A5E-75CB-4DB0-16E48EFC1815}.Debug|Any CPU.ActiveCfg = Debug
		{2294512B-1A5E-75CB-4DB0-16E48EFC1815}.Release|Any CPU.ActiveCfg = Release
		{7D941CB1-4372-4622-B698-BB91175EE609}.Debug|Any CPU.ActiveCfg = Debug|Any CPU
		{7D941CB1-4372-4622-B698-BB91175EE609}.Debug|Any CPU.Build.0 = Debug|Any CPU
		{7D941CB1-4372-4622-B698-BB91175EE609}.Release|Any CPU.ActiveCfg = Release|Any CPU
		{7D941CB1-4372-4622-B698-BB91175EE609}.Release|Any CPU.Build.0 = Release|Any CPU
		{6E13E4DC-B3DB-4D98-A03E-423717DFA08C}.Debug|Any CPU.ActiveCfg = Debug|Any CPU
		{6E13E4DC-B3DB-4D98-A03E-423717DFA08C}.Debug|Any CPU.Build.0 = Debug|Any CPU
		{6E13E4DC-B3DB-4D98-A03E-423717DFA08C}.Release|Any CPU.ActiveCfg = Release|Any CPU
		{6E13E4DC-B3DB-4D98-A03E-423717DFA08C}.Release|Any CPU.Build.0 = Release|Any CPU
		{2D27A6E8-5A98-44AA-9CD4-D5C8919F0BFF}.Debug|Any CPU.ActiveCfg = Debug|Any CPU
		{2D27A6E8-5A98-44AA-9CD4-D5C8919F0BFF}.Debug|Any CPU.Build.0 = Debug|Any CPU
		{2D27A6E8-5A98-44AA-9CD4-D5C8919F0BFF}.Release|Any CPU.ActiveCfg = Release|Any CPU
		{2D27A6E8-5A98-44AA-9CD4-D5C8919F0BFF}.Release|Any CPU.Build.0 = Release|Any CPU
		{ABB67D05-310B-4C0A-8638-D55362CF5C21}.Debug|Any CPU.ActiveCfg = Debug|Any CPU
		{ABB67D05-310B-4C0A-8638-D55362CF5C21}.Debug|Any CPU.Build.0 = Debug|Any CPU
		{ABB67D05-310B-4C0A-8638-D55362CF5C21}.Release|Any CPU.ActiveCfg = Release|Any CPU
		{ABB67D05-310B-4C0A-8638-D55362CF5C21}.Release|Any CPU.Build.0 = Release|Any CPU
		{7D4773D0-6762-417D-9355-6B4471713346}.Debug|Any CPU.ActiveCfg = Debug|Any CPU
		{7D4773D0-6762-417D-9355-6B4471713346}.Debug|Any CPU.Build.0 = Debug|Any CPU
		{7D4773D0-6762-417D-9355-6B4471713346}.Release|Any CPU.ActiveCfg = Release|Any CPU
		{7D4773D0-6762-417D-9355-6B4471713346}.Release|Any CPU.Build.0 = Release|Any CPU
		{F5CCAC3D-5AD6-4AF1-BE10-2CD64DF64F56}.Debug|Any CPU.ActiveCfg = Debug|Any CPU
		{F5CCAC3D-5AD6-4AF1-BE10-2CD64DF64F56}.Debug|Any CPU.Build.0 = Debug|Any CPU
		{F5CCAC3D-5AD6-4AF1-BE10-2CD64DF64F56}.Release|Any CPU.ActiveCfg = Release|Any CPU
		{F5CCAC3D-5AD6-4AF1-BE10-2CD64DF64F56}.Release|Any CPU.Build.0 = Release|Any CPU
		{5EE8F402-2872-4D9D-8DCF-BBF2AD53F143}.Debug|Any CPU.ActiveCfg = Debug|Any CPU
		{5EE8F402-2872-4D9D-8DCF-BBF2AD53F143}.Debug|Any CPU.Build.0 = Debug|Any CPU
		{5EE8F402-2872-4D9D-8DCF-BBF2AD53F143}.Release|Any CPU.ActiveCfg = Release|Any CPU
		{5EE8F402-2872-4D9D-8DCF-BBF2AD53F143}.Release|Any CPU.Build.0 = Release|Any CPU
		{434E9F56-7CD5-18C5-452E-64ACA5248C64}.Debug|Any CPU.ActiveCfg = Debug
		{434E9F56-7CD5-18C5-452E-64ACA5248C64}.Release|Any CPU.ActiveCfg = Release
		{074DE159-9DCB-45C2-A86E-4D9B3DB3378D}.Debug|Any CPU.ActiveCfg = Debug|Any CPU
		{074DE159-9DCB-45C2-A86E-4D9B3DB3378D}.Debug|Any CPU.Build.0 = Debug|Any CPU
		{074DE159-9DCB-45C2-A86E-4D9B3DB3378D}.Release|Any CPU.ActiveCfg = Release|Any CPU
		{074DE159-9DCB-45C2-A86E-4D9B3DB3378D}.Release|Any CPU.Build.0 = Release|Any CPU
		{CD4B8385-D592-4C7C-81F0-520C5B6DE184}.Debug|Any CPU.ActiveCfg = Debug|Any CPU
		{CD4B8385-D592-4C7C-81F0-520C5B6DE184}.Debug|Any CPU.Build.0 = Debug|Any CPU
		{CD4B8385-D592-4C7C-81F0-520C5B6DE184}.Release|Any CPU.ActiveCfg = Release|Any CPU
		{CD4B8385-D592-4C7C-81F0-520C5B6DE184}.Release|Any CPU.Build.0 = Release|Any CPU
		{202752EB-3EF8-D04A-2D1A-44CBEED10607}.Debug|Any CPU.ActiveCfg = Debug
		{202752EB-3EF8-D04A-2D1A-44CBEED10607}.Release|Any CPU.ActiveCfg = Release
		{AF4AD499-6A1A-4B60-A678-79055580C20A}.Debug|Any CPU.ActiveCfg = Debug|Any CPU
		{AF4AD499-6A1A-4B60-A678-79055580C20A}.Debug|Any CPU.Build.0 = Debug|Any CPU
		{AF4AD499-6A1A-4B60-A678-79055580C20A}.Release|Any CPU.ActiveCfg = Release|Any CPU
		{AF4AD499-6A1A-4B60-A678-79055580C20A}.Release|Any CPU.Build.0 = Release|Any CPU
		{1C07A490-8CB4-E925-9E55-E26F5E94825D}.Debug|Any CPU.ActiveCfg = Debug
		{1C07A490-8CB4-E925-9E55-E26F5E94825D}.Release|Any CPU.ActiveCfg = Release
		{D2DA1513-5944-4344-932B-C846036504F9}.Debug|Any CPU.ActiveCfg = Debug|Any CPU
		{D2DA1513-5944-4344-932B-C846036504F9}.Debug|Any CPU.Build.0 = Debug|Any CPU
		{D2DA1513-5944-4344-932B-C846036504F9}.Release|Any CPU.ActiveCfg = Release|Any CPU
		{D2DA1513-5944-4344-932B-C846036504F9}.Release|Any CPU.Build.0 = Release|Any CPU
		{BC0F4DF4-DE8E-2AA1-1CA6-79CDFD074C6D}.Debug|Any CPU.ActiveCfg = Debug
		{BC0F4DF4-DE8E-2AA1-1CA6-79CDFD074C6D}.Release|Any CPU.ActiveCfg = Release
	EndGlobalSection
	GlobalSection(SolutionProperties) = preSolution
		HideSolutionNode = FALSE
	EndGlobalSection
	GlobalSection(ExtensibilityGlobals) = postSolution
		SolutionGuid = {849B2164-C90D-49D8-A7B4-86A21A944D3D}
	EndGlobalSection
EndGlobal
